# This file is automatically @generated by Poetry 1.7.1 and should not be changed by hand.

[[package]]
name = "mailbox"
version = "0.4"
description = "Python IMAP for Humans"
optional = false
python-versions = "*"
files = [
    {file = "mailbox-0.4.tar.gz", hash = "sha256:f9bf9679932f7a245902d33924dff11485bcf49cac0526f1a5eb9550bc510d73"},
]

[metadata]
lock-version = "2.0"
python-versions = "^3.11"
content-hash = "34028e6a4dc2585ce640603be18083f6e28b46d55055c5100fcea90098ce1b4a"
